// !$*UTF8*$!
{
	archiveVersion = 1;
	classes = {
	};
	objectVersion = 56;
	objects = {

/* Begin PBXBuildFile section */
		D8F2EE6E2D6258E300300201 /* CarMaxApp.swift in Sources */ = {isa = PBXBuildFile; fileRef = D8F2EE6D2D6258E300300201 /* CarMaxApp.swift */; };
		D8F2EE702D6258E300300201 /* ContentView.swift in Sources */ = {isa = PBXBuildFile; fileRef = D8F2EE6F2D6258E300300201 /* ContentView.swift */; };
		D8F2EE722D6258E500300201 /* Assets.xcassets in Resources */ = {isa = PBXBuildFile; fileRef = D8F2EE712D6258E500300201 /* Assets.xcassets */; };
		D8F2EE752D6258E500300201 /* Preview Assets.xcassets in Resources */ = {isa = PBXBuildFile; fileRef = D8F2EE742D6258E500300201 /* Preview Assets.xcassets */; };
		D8F2EE8A2D6258E500300201 /* CarMaxUITests.swift in Sources */ = {isa = PBXBuildFile; fileRef = D8F2EE892D6258E500300201 /* CarMaxUITests.swift */; };
/* End PBXBuildFile section */

/* Begin PBXContainerItemProxy section */
		D8F2EE7C2D6258E500300201 /* PBXContainerItemProxy */ = {
			isa = PBXContainerItemProxy;
			containerPortal = D8F2EE622D6258E300300201 /* Project object */;
			proxyType = 1;
			remoteGlobalIDString = D8F2EE692D6258E300300201;
			remoteInfo = CarMax;
		};
		D8F2EE862D6258E500300201 /* PBXContainerItemProxy */ = {
			isa = PBXContainerItemProxy;
			containerPortal = D8F2EE622D6258E300300201 /* Project object */;
			proxyType = 1;
			remoteGlobalIDString = D8F2EE692D6258E300300201;
			remoteInfo = CarMax;
		};
/* End PBXContainerItemProxy section */

/* Begin PBXFileReference section */
		D8F2EE6A2D6258E300300201 /* CarMax.app */ = {isa = PBXFileReference; explicitFileType = wrapper.application; includeInIndex = 0; path = CarMax.app; sourceTree = BUILT_PRODUCTS_DIR; };
		D8F2EE6D2D6258E300300201 /* CarMaxApp.swift */ = {isa = PBXFileReference; lastKnownFileType = sourcecode.swift; path = CarMaxApp.swift; sourceTree = "<group>"; };
		D8F2EE6F2D6258E300300201 /* ContentView.swift */ = {isa = PBXFileReference; lastKnownFileType = sourcecode.swift; path = ContentView.swift; sourceTree = "<group>"; };
		D8F2EE712D6258E500300201 /* Assets.xcassets */ = {isa = PBXFileReference; lastKnownFileType = folder.assetcatalog; path = Assets.xcassets; sourceTree = "<group>"; };
		D8F2EE742D6258E500300201 /* Preview Assets.xcassets */ = {isa = PBXFileReference; lastKnownFileType = folder.assetcatalog; path = "Preview Assets.xcassets"; sourceTree = "<group>"; };
		D8F2EE762D6258E500300201 /* CarMax.entitlements */ = {isa = PBXFileReference; lastKnownFileType = text.plist.entitlements; path = CarMax.entitlements; sourceTree = "<group>"; };
		D8F2EE7B2D6258E500300201 /* CarMaxTests.xctest */ = {isa = PBXFileReference; explicitFileType = wrapper.cfbundle; includeInIndex = 0; path = CarMaxTests.xctest; sourceTree = BUILT_PRODUCTS_DIR; };
		D8F2EE852D6258E500300201 /* CarMaxUITests.xctest */ = {isa = PBXFileReference; explicitFileType = wrapper.cfbundle; includeInIndex = 0; path = CarMaxUITests.xctest; sourceTree = BUILT_PRODUCTS_DIR; };
		D8F2EE892D6258E500300201 /* CarMaxUITests.swift */ = {isa = PBXFileReference; lastKnownFileType = sourcecode.swift; path = CarMaxUITests.swift; sourceTree = "<group>"; };
/* End PBXFileReference section */

/* Begin PBXFrameworksBuildPhase section */
		D8F2EE672D6258E300300201 /* Frameworks */ = {
			isa = PBXFrameworksBuildPhase;
			buildActionMask = 2147483647;
			files = (
			);
			runOnlyForDeploymentPostprocessing = 0;
		};
		D8F2EE782D6258E500300201 /* Frameworks */ = {
			isa = PBXFrameworksBuildPhase;
			buildActionMask = 2147483647;
			files = (
			);
			runOnlyForDeploymentPostprocessing = 0;
		};
		D8F2EE822D6258E500300201 /* Frameworks */ = {
			isa = PBXFrameworksBuildPhase;
			buildActionMask = 2147483647;
			files = (
			);
			runOnlyForDeploymentPostprocessing = 0;
		};
/* End PBXFrameworksBuildPhase section */

/* Begin PBXGroup section */
		D8F2EE612D6258E300300201 = {
			isa = PBXGroup;
			children = (
				D8F2EE6C2D6258E300300201 /* CarMax */,
				D8F2EE882D6258E500300201 /* CarMaxUITests */,
				D8F2EE6B2D6258E300300201 /* Products */,
			);
			sourceTree = "<group>";
		};
		D8F2EE6B2D6258E300300201 /* Products */ = {
			isa = PBXGroup;
			children = (
				D8F2EE6A2D6258E300300201 /* CarMax.app */,
				D8F2EE7B2D6258E500300201 /* CarMaxTests.xctest */,
				D8F2EE852D6258E500300201 /* CarMaxUITests.xctest */,
			);
			name = Products;
			sourceTree = "<group>";
		};
		D8F2EE6C2D6258E300300201 /* CarMax */ = {
			isa = PBXGroup;
			children = (
				D8F2EE6D2D6258E300300201 /* CarMaxApp.swift */,
				D8F2EE6F2D6258E300300201 /* ContentView.swift */,
				D8F2EE712D6258E500300201 /* Assets.xcassets */,
				D8F2EE762D6258E500300201 /* CarMax.entitlements */,
				D8F2EE732D6258E500300201 /* Preview Content */,
			);
			path = CarMax;
			sourceTree = "<group>";
		};
		D8F2EE732D6258E500300201 /* Preview Content */ = {
			isa = PBXGroup;
			children = (
				D8F2EE742D6258E500300201 /* Preview Assets.xcassets */,
			);
			path = "Preview Content";
			sourceTree = "<group>";
		};
		D8F2EE882D6258E500300201 /* CarMaxUITests */ = {
			isa = PBXGroup;
			children = (
				D8F2EE892D6258E500300201 /* CarMaxUITests.swift */,
			);
			path = CarMaxUITests;
			sourceTree = "<group>";
		};
/* End PBXGroup section */

/* Begin PBXNativeTarget section */
		D8F2EE692D6258E300300201 /* CarMax */ = {
			isa = PBXNativeTarget;
			buildConfigurationList = D8F2EE8F2D6258E500300201 /* Build configuration list for PBXNativeTarget "CarMax" */;
			buildPhases = (
				D8F2EE662D6258E300300201 /* Sources */,
				D8F2EE672D6258E300300201 /* Frameworks */,
				D8F2EE682D6258E300300201 /* Resources */,
			);
			buildRules = (
			);
			dependencies = (
			);
			name = CarMax;
			productName = CarMax;
			productReference = D8F2EE6A2D6258E300300201 /* CarMax.app */;
			productType = "com.apple.product-type.application";
		};
		D8F2EE7A2D6258E500300201 /* CarMaxTests */ = {
			isa = PBXNativeTarget;
			buildConfigurationList = D8F2EE922D6258E500300201 /* Build configuration list for PBXNativeTarget "CarMaxTests" */;
			buildPhases = (
				D8F2EE772D6258E500300201 /* Sources */,
				D8F2EE782D6258E500300201 /* Frameworks */,
				D8F2EE792D6258E500300201 /* Resources */,
			);
			buildRules = (
			);
			dependencies = (
				D8F2EE7D2D6258E500300201 /* PBXTargetDependency */,
			);
			name = CarMaxTests;
			productName = CarMaxTests;
			productReference = D8F2EE7B2D6258E500300201 /* CarMaxTests.xctest */;
			productType = "com.apple.product-type.bundle.unit-test";
		};
		D8F2EE842D6258E500300201 /* CarMaxUITests */ = {
			isa = PBXNativeTarget;
			buildConfigurationList = D8F2EE952D6258E500300201 /* Build configuration list for PBXNativeTarget "CarMaxUITests" */;
			buildPhases = (
				D8F2EE812D6258E500300201 /* Sources */,
				D8F2EE822D6258E500300201 /* Frameworks */,
				D8F2EE832D6258E500300201 /* Resources */,
			);
			buildRules = (
			);
			dependencies = (
				D8F2EE872D6258E500300201 /* PBXTargetDependency */,
			);
			name = CarMaxUITests;
			productName = CarMaxUITests;
			productReference = D8F2EE852D6258E500300201 /* CarMaxUITests.xctest */;
			productType = "com.apple.product-type.bundle.ui-testing";
		};
/* End PBXNativeTarget section */

/* Begin PBXProject section */
		D8F2EE622D6258E300300201 /* Project object */ = {
			isa = PBXProject;
			attributes = {
				BuildIndependentTargetsInParallel = 1;
				LastSwiftUpdateCheck = 1540;
				LastUpgradeCheck = 1540;
				TargetAttributes = {
					D8F2EE692D6258E300300201 = {
						CreatedOnToolsVersion = 15.4;
					};
					D8F2EE7A2D6258E500300201 = {
						CreatedOnToolsVersion = 15.4;
						TestTargetID = D8F2EE692D6258E300300201;
					};
					D8F2EE842D6258E500300201 = {
						CreatedOnToolsVersion = 15.4;
						TestTargetID = D8F2EE692D6258E300300201;
					};
				};
			};
			buildConfigurationList = D8F2EE652D6258E300300201 /* Build configuration list for PBXProject "CarMax" */;
			compatibilityVersion = "Xcode 14.0";
			developmentRegion = en;
			hasScannedForEncodings = 0;
			knownRegions = (
				en,
				Base,
			);
			mainGroup = D8F2EE612D6258E300300201;
			productRefGroup = D8F2EE6B2D6258E300300201 /* Products */;
			projectDirPath = "";
			projectRoot = "";
			targets = (
				D8F2EE692D6258E300300201 /* CarMax */,
				D8F2EE7A2D6258E500300201 /* CarMaxTests */,
				D8F2EE842D6258E500300201 /* CarMaxUITests */,
			);
		};
/* End PBXProject section */

/* Begin PBXResourcesBuildPhase section */
		D8F2EE682D6258E300300201 /* Resources */ = {
			isa = PBXResourcesBuildPhase;
			buildActionMask = 2147483647;
			files = (
				D8F2EE752D6258E500300201 /* Preview Assets.xcassets in Resources */,
				D8F2EE722D6258E500300201 /* Assets.xcassets in Resources */,
			);
			runOnlyForDeploymentPostprocessing = 0;
		};
		D8F2EE792D6258E500300201 /* Resources */ = {
			isa = PBXResourcesBuildPhase;
			buildActionMask = 2147483647;
			files = (
			);
			runOnlyForDeploymentPostprocessing = 0;
		};
		D8F2EE832D6258E500300201 /* Resources */ = {
			isa = PBXResourcesBuildPhase;
			buildActionMask = 2147483647;
			files = (
			);
			runOnlyForDeploymentPostprocessing = 0;
		};
/* End PBXResourcesBuildPhase section */

/* Begin PBXSourcesBuildPhase section */
		D8F2EE662D6258E300300201 /* Sources */ = {
			isa = PBXSourcesBuildPhase;
			buildActionMask = 2147483647;
			files = (
				D8F2EE702D6258E300300201 /* ContentView.swift in Sources */,
				D8F2EE6E2D6258E300300201 /* CarMaxApp.swift in Sources */,
			);
			runOnlyForDeploymentPostprocessing = 0;
		};
		D8F2EE772D6258E500300201 /* Sources */ = {
			isa = PBXSourcesBuildPhase;
			buildActionMask = 2147483647;
			files = (
			);
			runOnlyForDeploymentPostprocessing = 0;
		};
		D8F2EE812D6258E500300201 /* Sources */ = {
			isa = PBXSourcesBuildPhase;
			buildActionMask = 2147483647;
			files = (
				D8F2EE8A2D6258E500300201 /* CarMaxUITests.swift in Sources */,
			);
			runOnlyForDeploymentPostprocessing = 0;
		};
/* End PBXSourcesBuildPhase section */

/* Begin PBXTargetDependency section */
		D8F2EE7D2D6258E500300201 /* PBXTargetDependency */ = {
			isa = PBXTargetDependency;
			target = D8F2EE692D6258E300300201 /* CarMax */;
			targetProxy = D8F2EE7C2D6258E500300201 /* PBXContainerItemProxy */;
		};
		D8F2EE872D6258E500300201 /* PBXTargetDependency */ = {
			isa = PBXTargetDependency;
			target = D8F2EE692D6258E300300201 /* CarMax */;
			targetProxy = D8F2EE862D6258E500300201 /* PBXContainerItemProxy */;
		};
/* End PBXTargetDependency section */

/* Begin XCBuildConfiguration section */
		D8F2EE8D2D6258E500300201 /* Debug */ = {
			isa = XCBuildConfiguration;
			buildSettings = {
				ALWAYS_SEARCH_USER_PATHS = NO;
				ASSETCATALOG_COMPILER_GENERATE_SWIFT_ASSET_SYMBOL_EXTENSIONS = YES;
				CLANG_ANALYZER_NONNULL = YES;
				CLANG_ANALYZER_NUMBER_OBJECT_CONVERSION = YES_AGGRESSIVE;
				CLANG_CXX_LANGUAGE_STANDARD = "gnu++20";
				CLANG_ENABLE_MODULES = YES;
				CLANG_ENABLE_OBJC_ARC = YES;
				CLANG_ENABLE_OBJC_WEAK = YES;
				CLANG_WARN_BLOCK_CAPTURE_AUTORELEASING = YES;
				CLANG_WARN_BOOL_CONVERSION = YES;
				CLANG_WARN_COMMA = YES;
				CLANG_WARN_CONSTANT_CONVERSION = YES;
				CLANG_WARN_DEPRECATED_OBJC_IMPLEMENTATIONS = YES;
				CLANG_WARN_DIRECT_OBJC_ISA_USAGE = YES_ERROR;
				CLANG_WARN_DOCUMENTATION_COMMENTS = YES;
				CLANG_WARN_EMPTY_BODY = YES;
				CLANG_WARN_ENUM_CONVERSION = YES;
				CLANG_WARN_INFINITE_RECURSION = YES;
				CLANG_WARN_INT_CONVERSION = YES;
				CLANG_WARN_NON_LITERAL_NULL_CONVERSION = YES;
				CLANG_WARN_OBJC_IMPLICIT_RETAIN_SELF = YES;
				CLANG_WARN_OBJC_LITERAL_CONVERSION = YES;
				CLANG_WARN_OBJC_ROOT_CLASS = YES_ERROR;
				CLANG_WARN_QUOTED_INCLUDE_IN_FRAMEWORK_HEADER = YES;
				CLANG_WARN_RANGE_LOOP_ANALYSIS = YES;
				CLANG_WARN_STRICT_PROTOTYPES = YES;
				CLANG_WARN_SUSPICIOUS_MOVE = YES;
				CLANG_WARN_UNGUARDED_AVAILABILITY = YES_AGGRESSIVE;
				CLANG_WARN_UNREACHABLE_CODE = YES;
				CLANG_WARN__DUPLICATE_METHOD_MATCH = YES;
				COPY_PHASE_STRIP = NO;
				DEBUG_INFORMATION_FORMAT = dwarf;
				ENABLE_STRICT_OBJC_MSGSEND = YES;
				ENABLE_TESTABILITY = YES;
				ENABLE_USER_SCRIPT_SANDBOXING = YES;
				GCC_C_LANGUAGE_STANDARD = gnu17;
				GCC_DYNAMIC_NO_PIC = NO;
				GCC_NO_COMMON_BLOCKS = YES;
				GCC_OPTIMIZATION_LEVEL = 0;
				GCC_PREPROCESSOR_DEFINITIONS = (
					"DEBUG=1",
					"$(inherited)",
				);
				GCC_WARN_64_TO_32_BIT_CONVERSION = YES;
				GCC_WARN_ABOUT_RETURN_TYPE = YES_ERROR;
				GCC_WARN_UNDECLARED_SELECTOR = YES;
				GCC_WARN_UNINITIALIZED_AUTOS = YES_AGGRESSIVE;
				GCC_WARN_UNUSED_FUNCTION = YES;
				GCC_WARN_UNUSED_VARIABLE = YES;
				LOCALIZATION_PREFERS_STRING_CATALOGS = YES;
				MACOSX_DEPLOYMENT_TARGET = 14.4;
				MTL_ENABLE_DEBUG_INFO = INCLUDE_SOURCE;
				MTL_FAST_MATH = YES;
				ONLY_ACTIVE_ARCH = YES;
				SDKROOT = macosx;
				SWIFT_ACTIVE_COMPILATION_CONDITIONS = "DEBUG $(inherited)";
				SWIFT_OPTIMIZATION_LEVEL = "-Onone";
			};
			name = Debug;
		};
		D8F2EE8E2D6258E500300201 /* Release */ = {
			isa = XCBuildConfiguration;
			buildSettings = {
				ALWAYS_SEARCH_USER_PATHS = NO;
				ASSETCATALOG_COMPILER_GENERATE_SWIFT_ASSET_SYMBOL_EXTENSIONS = YES;
				CLANG_ANALYZER_NONNULL = YES;
				CLANG_ANALYZER_NUMBER_OBJECT_CONVERSION = YES_AGGRESSIVE;
				CLANG_CXX_LANGUAGE_STANDARD = "gnu++20";
				CLANG_ENABLE_MODULES = YES;
				CLANG_ENABLE_OBJC_ARC = YES;
				CLANG_ENABLE_OBJC_WEAK = YES;
				CLANG_WARN_BLOCK_CAPTURE_AUTORELEASING = YES;
				CLANG_WARN_BOOL_CONVERSION = YES;
				CLANG_WARN_COMMA = YES;
				CLANG_WARN_CONSTANT_CONVERSION = YES;
				CLANG_WARN_DEPRECATED_OBJC_IMPLEMENTATIONS = YES;
				CLANG_WARN_DIRECT_OBJC_ISA_USAGE = YES_ERROR;
				CLANG_WARN_DOCUMENTATION_COMMENTS = YES;
				CLANG_WARN_EMPTY_BODY = YES;
				CLANG_WARN_ENUM_CONVERSION = YES;
				CLANG_WARN_INFINITE_RECURSION = YES;
				CLANG_WARN_INT_CONVERSION = YES;
				CLANG_WARN_NON_LITERAL_NULL_CONVERSION = YES;
				CLANG_WARN_OBJC_IMPLICIT_RETAIN_SELF = YES;
				CLANG_WARN_OBJC_LITERAL_CONVERSION = YES;
				CLANG_WARN_OBJC_ROOT_CLASS = YES_ERROR;
				CLANG_WARN_QUOTED_INCLUDE_IN_FRAMEWORK_HEADER = YES;
				CLANG_WARN_RANGE_LOOP_ANALYSIS = YES;
				CLANG_WARN_STRICT_PROTOTYPES = YES;
				CLANG_WARN_SUSPICIOUS_MOVE = YES;
				CLANG_WARN_UNGUARDED_AVAILABILITY = YES_AGGRESSIVE;
				CLANG_WARN_UNREACHABLE_CODE = YES;
				CLANG_WARN__DUPLICATE_METHOD_MATCH = YES;
				COPY_PHASE_STRIP = NO;
				DEBUG_INFORMATION_FORMAT = "dwarf-with-dsym";
				ENABLE_NS_ASSERTIONS = NO;
				ENABLE_STRICT_OBJC_MSGSEND = YES;
				ENABLE_USER_SCRIPT_SANDBOXING = YES;
				GCC_C_LANGUAGE_STANDARD = gnu17;
				GCC_NO_COMMON_BLOCKS = YES;
				GCC_WARN_64_TO_32_BIT_CONVERSION = YES;
				GCC_WARN_ABOUT_RETURN_TYPE = YES_ERROR;
				GCC_WARN_UNDECLARED_SELECTOR = YES;
				GCC_WARN_UNINITIALIZED_AUTOS = YES_AGGRESSIVE;
				GCC_WARN_UNUSED_FUNCTION = YES;
				GCC_WARN_UNUSED_VARIABLE = YES;
				LOCALIZATION_PREFERS_STRING_CATALOGS = YES;
				MACOSX_DEPLOYMENT_TARGET = 14.4;
				MTL_ENABLE_DEBUG_INFO = NO;
				MTL_FAST_MATH = YES;
				SDKROOT = macosx;
				SWIFT_COMPILATION_MODE = wholemodule;
			};
			name = Release;
		};
		D8F2EE902D6258E500300201 /* Debug */ = {
			isa = XCBuildConfiguration;
			buildSettings = {
				ASSETCATALOG_COMPILER_APPICON_NAME = AppIcon;
				ASSETCATALOG_COMPILER_GLOBAL_ACCENT_COLOR_NAME = AccentColor;
				CODE_SIGN_ENTITLEMENTS = CarMax/CarMax.entitlements;
				CODE_SIGN_STYLE = Automatic;
				COMBINE_HIDPI_IMAGES = YES;
				CURRENT_PROJECT_VERSION = 1;
				DEVELOPMENT_ASSET_PATHS = "\"CarMax/Preview Content\"";
				DEVELOPMENT_TEAM = DW3P7U474X;
				ENABLE_HARDENED_RUNTIME = YES;
				ENABLE_PREVIEWS = YES;
				GENERATE_INFOPLIST_FILE = YES;
				INFOPLIST_KEY_NSHumanReadableCopyright = "";
				LD_RUNPATH_SEARCH_PATHS = (
					"$(inherited)",
					"@executable_path/../Frameworks",
				);
				MARKETING_VERSION = 1.0;
				PRODUCT_BUNDLE_IDENTIFIER = tamuedu.CarMax;
				PRODUCT_NAME = "$(TARGET_NAME)";
				SWIFT_EMIT_LOC_STRINGS = YES;
				SWIFT_VERSION = 5.0;
			};
			name = Debug;
		};
		D8F2EE912D6258E500300201 /* Release */ = {
			isa = XCBuildConfiguration;
			buildSettings = {
				ASSETCATALOG_COMPILER_APPICON_NAME = AppIcon;
				ASSETCATALOG_COMPILER_GLOBAL_ACCENT_COLOR_NAME = AccentColor;
				CODE_SIGN_ENTITLEMENTS = CarMax/CarMax.entitlements;
				CODE_SIGN_STYLE = Automatic;
				COMBINE_HIDPI_IMAGES = YES;
				CURRENT_PROJECT_VERSION = 1;
				DEVELOPMENT_ASSET_PATHS = "\"CarMax/Preview Content\"";
				DEVELOPMENT_TEAM = DW3P7U474X;
				ENABLE_HARDENED_RUNTIME = YES;
				ENABLE_PREVIEWS = YES;
				GENERATE_INFOPLIST_FILE = YES;
				INFOPLIST_KEY_NSHumanReadableCopyright = "";
				LD_RUNPATH_SEARCH_PATHS = (
					"$(inherited)",
					"@executable_path/../Frameworks",
				);
				MARKETING_VERSION = 1.0;
				PRODUCT_BUNDLE_IDENTIFIER = tamuedu.CarMax;
				PRODUCT_NAME = "$(TARGET_NAME)";
				SWIFT_EMIT_LOC_STRINGS = YES;
				SWIFT_VERSION = 5.0;
			};
			name = Release;
		};
		D8F2EE932D6258E500300201 /* Debug */ = {
			isa = XCBuildConfiguration;
			buildSettings = {
				ALWAYS_EMBED_SWIFT_STANDARD_LIBRARIES = YES;
				BUNDLE_LOADER = "$(TEST_HOST)";
				CODE_SIGN_STYLE = Automatic;
				CURRENT_PROJECT_VERSION = 1;
				DEVELOPMENT_TEAM = DW3P7U474X;
				GENERATE_INFOPLIST_FILE = YES;
				MACOSX_DEPLOYMENT_TARGET = 14.4;
				MARKETING_VERSION = 1.0;
				PRODUCT_BUNDLE_IDENTIFIER = tamuedu.CarMaxTests;
				PRODUCT_NAME = "$(TARGET_NAME)";
				SWIFT_EMIT_LOC_STRINGS = NO;
				SWIFT_VERSION = 5.0;
				TEST_HOST = "$(BUILT_PRODUCTS_DIR)/CarMax.app/$(BUNDLE_EXECUTABLE_FOLDER_PATH)/CarMax";
			};
			name = Debug;
		};
		D8F2EE942D6258E500300201 /* Release */ = {
			isa = XCBuildConfiguration;
			buildSettings = {
				ALWAYS_EMBED_SWIFT_STANDARD_LIBRARIES = YES;
				BUNDLE_LOADER = "$(TEST_HOST)";
				CODE_SIGN_STYLE = Automatic;
				CURRENT_PROJECT_VERSION = 1;
				DEVELOPMENT_TEAM = DW3P7U474X;
				GENERATE_INFOPLIST_FILE = YES;
				MACOSX_DEPLOYMENT_TARGET = 14.4;
				MARKETING_VERSION = 1.0;
				PRODUCT_BUNDLE_IDENTIFIER = tamuedu.CarMaxTests;
				PRODUCT_NAME = "$(TARGET_NAME)";
				SWIFT_EMIT_LOC_STRINGS = NO;
				SWIFT_VERSION = 5.0;
				TEST_HOST = "$(BUILT_PRODUCTS_DIR)/CarMax.app/$(BUNDLE_EXECUTABLE_FOLDER_PATH)/CarMax";
			};
			name = Release;
		};
		D8F2EE962D6258E500300201 /* Debug */ = {
			isa = XCBuildConfiguration;
			buildSettings = {
				ALWAYS_EMBED_SWIFT_STANDARD_LIBRARIES = YES;
				CODE_SIGN_STYLE = Automatic;
				CURRENT_PROJECT_VERSION = 1;
				DEVELOPMENT_TEAM = DW3P7U474X;
				GENERATE_INFOPLIST_FILE = YES;
				MARKETING_VERSION = 1.0;
				PRODUCT_BUNDLE_IDENTIFIER = tamuedu.CarMaxUITests;
				PRODUCT_NAME = "$(TARGET_NAME)";
				SWIFT_EMIT_LOC_STRINGS = NO;
				SWIFT_VERSION = 5.0;
				TEST_TARGET_NAME = CarMax;
			};
			name = Debug;
		};
		D8F2EE972D6258E500300201 /* Release */ = {
			isa = XCBuildConfiguration;
			buildSettings = {
				ALWAYS_EMBED_SWIFT_STANDARD_LIBRARIES = YES;
				CODE_SIGN_STYLE = Automatic;
				CURRENT_PROJECT_VERSION = 1;
				DEVELOPMENT_TEAM = DW3P7U474X;
				GENERATE_INFOPLIST_FILE = YES;
				MARKETING_VERSION = 1.0;
				PRODUCT_BUNDLE_IDENTIFIER = tamuedu.CarMaxUITests;
				PRODUCT_NAME = "$(TARGET_NAME)";
				SWIFT_EMIT_LOC_STRINGS = NO;
				SWIFT_VERSION = 5.0;
				TEST_TARGET_NAME = CarMax;
			};
			name = Release;
		};
/* End XCBuildConfiguration section */

/* Begin XCConfigurationList section */
		D8F2EE652D6258E300300201 /* Build configuration list for PBXProject "CarMax" */ = {
			isa = XCConfigurationList;
			buildConfigurations = (
				D8F2EE8D2D6258E500300201 /* Debug */,
				D8F2EE8E2D6258E500300201 /* Release */,
			);
			defaultConfigurationIsVisible = 0;
			defaultConfigurationName = Release;
		};
		D8F2EE8F2D6258E500300201 /* Build configuration list for PBXNativeTarget "CarMax" */ = {
			isa = XCConfigurationList;
			buildConfigurations = (
				D8F2EE902D6258E500300201 /* Debug */,
				D8F2EE912D6258E500300201 /* Release */,
			);
			defaultConfigurationIsVisible = 0;
			defaultConfigurationName = Release;
		};
		D8F2EE922D6258E500300201 /* Build configuration list for PBXNativeTarget "CarMaxTests" */ = {
			isa = XCConfigurationList;
			buildConfigurations = (
				D8F2EE932D6258E500300201 /* Debug */,
				D8F2EE942D6258E500300201 /* Release */,
			);
			defaultConfigurationIsVisible = 0;
			defaultConfigurationName = Release;
		};
		D8F2EE952D6258E500300201 /* Build configuration list for PBXNativeTarget "CarMaxUITests" */ = {
			isa = XCConfigurationList;
			buildConfigurations = (
				D8F2EE962D6258E500300201 /* Debug */,
				D8F2EE972D6258E500300201 /* Release */,
			);
			defaultConfigurationIsVisible = 0;
			defaultConfigurationName = Release;
		};
/* End XCConfigurationList section */
	};
	rootObject = D8F2EE622D6258E300300201 /* Project object */;
}
